
Microsoft Visual Studio Solution File, Format Version 12.00
# Visual Studio Version 17
VisualStudioVersion = 17.1.32210.238
MinimumVisualStudioVersion = 10.0.40219.1
Project("{2150E333-8FDC-42A3-9474-1A3956D46DE8}") = "src", "src", "{ACCD901B-BC91-4F76-BA36-DD4297E45CEB}"
EndProject
Project("{2150E333-8FDC-42A3-9474-1A3956D46DE8}") = "tests", "tests", "{B93C1224-FF9F-44D5-8B5F-B6BBE4A8ED20}"
EndProject
Project("{FAE04EC0-301F-11D3-BF4B-00C04F79EFBC}") = "Sharp.GameplayTests", "tests\Sharp.GameplayTests\Sharp.GameplayTests.csproj", "{55DBDD2A-A033-42B7-BF4A-AB2A707BE38B}"
EndProject
Project("{FAE04EC0-301F-11D3-BF4B-00C04F79EFBC}") = "Sharp.Application", "src\Sharp.Application\Sharp.Application.csproj", "{73817A11-7A4E-4128-88C1-8734C326E1E5}"
EndProject
Project("{FAE04EC0-301F-11D3-BF4B-00C04F79EFBC}") = "Sharp.Domain", "src\Sharp.Domain\Sharp.Domain.csproj", "{057AE45B-0414-4843-AEEC-844419D22FAB}"
EndProject
Project("{FAE04EC0-301F-11D3-BF4B-00C04F79EFBC}") = "Sharp.Infrastructure", "src\Sharp.Infrastructure\Sharp.Infrastructure.csproj", "{BFBDF85F-4407-4255-BF53-2BA1D0FB0D49}"
EndProject
Global
	GlobalSection(SolutionConfigurationPlatforms) = preSolution
		Debug|Any CPU = Debug|Any CPU
		Release|Any CPU = Release|Any CPU
	EndGlobalSection
	GlobalSection(ProjectConfigurationPlatforms) = postSolution
		{55DBDD2A-A033-42B7-BF4A-AB2A707BE38B}.Debug|Any CPU.ActiveCfg = Debug|Any CPU
		{55DBDD2A-A033-42B7-BF4A-AB2A707BE38B}.Debug|Any CPU.Build.0 = Debug|Any CPU
		{55DBDD2A-A033-42B7-BF4A-AB2A707BE38B}.Release|Any CPU.ActiveCfg = Release|Any CPU
		{55DBDD2A-A033-42B7-BF4A-AB2A707BE38B}.Release|Any CPU.Build.0 = Release|Any CPU
		{73817A11-7A4E-4128-88C1-8734C326E1E5}.Debug|Any CPU.ActiveCfg = Debug|Any CPU
		{73817A11-7A4E-4128-88C1-8734C326E1E5}.Debug|Any CPU.Build.0 = Debug|Any CPU
		{73817A11-7A4E-4128-88C1-8734C326E1E5}.Release|Any CPU.ActiveCfg = Release|Any CPU
		{73817A11-7A4E-4128-88C1-8734C326E1E5}.Release|Any CPU.Build.0 = Release|Any CPU
		{057AE45B-0414-4843-AEEC-844419D22FAB}.Debug|Any CPU.ActiveCfg = Debug|Any CPU
		{057AE45B-0414-4843-AEEC-844419D22FAB}.Debug|Any CPU.Build.0 = Debug|Any CPU
		{057AE45B-0414-4843-AEEC-844419D22FAB}.Release|Any CPU.ActiveCfg = Release|Any CPU
		{057AE45B-0414-4843-AEEC-844419D22FAB}.Release|Any CPU.Build.0 = Release|Any CPU
		{BFBDF85F-4407-4255-BF53-2BA1D0FB0D49}.Debug|Any CPU.ActiveCfg = Debug|Any CPU
		{BFBDF85F-4407-4255-BF53-2BA1D0FB0D49}.Debug|Any CPU.Build.0 = Debug|Any CPU
		{BFBDF85F-4407-4255-BF53-2BA1D0FB0D49}.Release|Any CPU.ActiveCfg = Release|Any CPU
		{BFBDF85F-4407-4255-BF53-2BA1D0FB0D49}.Release|Any CPU.Build.0 = Release|Any CPU
	EndGlobalSection
	GlobalSection(SolutionProperties) = preSolution
		HideSolutionNode = FALSE
	EndGlobalSection
	GlobalSection(ExtensibilityGlobals) = postSolution
		SolutionGuid = {3E75B3C6-587A-4C01-AAC9-627CF5758BC6}
	EndGlobalSection
	GlobalSection(NestedProjects) = preSolution
		{55DBDD2A-A033-42B7-BF4A-AB2A707BE38B} = {B93C1224-FF9F-44D5-8B5F-B6BBE4A8ED20}
		{73817A11-7A4E-4128-88C1-8734C326E1E5} = {ACCD901B-BC91-4F76-BA36-DD4297E45CEB}
		{057AE45B-0414-4843-AEEC-844419D22FAB} = {ACCD901B-BC91-4F76-BA36-DD4297E45CEB}
		{BFBDF85F-4407-4255-BF53-2BA1D0FB0D49} = {ACCD901B-BC91-4F76-BA36-DD4297E45CEB}
	EndGlobalSection
EndGlobal
