
Microsoft Visual Studio Solution File, Format Version 12.00
# Visual Studio Version 17
VisualStudioVersion = 17.1.32210.238
MinimumVisualStudioVersion = 10.0.40219.1
Project("{FAE04EC0-301F-11D3-BF4B-00C04F79EFBC}") = "Player.Sharp", "Player.Sharp.csproj", "{3A4656B9-F87F-43F1-A607-7BB6676C08C2}"
EndProject
Project("{2150E333-8FDC-42A3-9474-1A3956D46DE8}") = "src", "src", "{ACCD901B-BC91-4F76-BA36-DD4297E45CEB}"
EndProject
Project("{2150E333-8FDC-42A3-9474-1A3956D46DE8}") = "tests", "tests", "{B93C1224-FF9F-44D5-8B5F-B6BBE4A8ED20}"
EndProject
Project("{FAE04EC0-301F-11D3-BF4B-00C04F79EFBC}") = "Sharp.Gameplay", "src\Sharp.Gameplay\Sharp.Gameplay.csproj", "{B72901D3-088E-4DA6-BA18-697734C6AEA6}"
EndProject
Project("{FAE04EC0-301F-11D3-BF4B-00C04F79EFBC}") = "Sharp.Core", "src\Sharp.Core\Sharp.Core.csproj", "{FE3DA760-128A-4476-BD0A-45E32D6EB5BF}"
EndProject
Project("{FAE04EC0-301F-11D3-BF4B-00C04F79EFBC}") = "Sharp.GameplayTests", "tests\Sharp.GameplayTests\Sharp.GameplayTests.csproj", "{55DBDD2A-A033-42B7-BF4A-AB2A707BE38B}"
EndProject
Global
	GlobalSection(SolutionConfigurationPlatforms) = preSolution
		Debug|Any CPU = Debug|Any CPU
		Release|Any CPU = Release|Any CPU
	EndGlobalSection
	GlobalSection(ProjectConfigurationPlatforms) = postSolution
		{3A4656B9-F87F-43F1-A607-7BB6676C08C2}.Debug|Any CPU.ActiveCfg = Debug|Any CPU
		{3A4656B9-F87F-43F1-A607-7BB6676C08C2}.Debug|Any CPU.Build.0 = Debug|Any CPU
		{3A4656B9-F87F-43F1-A607-7BB6676C08C2}.Release|Any CPU.ActiveCfg = Release|Any CPU
		{3A4656B9-F87F-43F1-A607-7BB6676C08C2}.Release|Any CPU.Build.0 = Release|Any CPU
		{B72901D3-088E-4DA6-BA18-697734C6AEA6}.Debug|Any CPU.ActiveCfg = Debug|Any CPU
		{B72901D3-088E-4DA6-BA18-697734C6AEA6}.Debug|Any CPU.Build.0 = Debug|Any CPU
		{B72901D3-088E-4DA6-BA18-697734C6AEA6}.Release|Any CPU.ActiveCfg = Release|Any CPU
		{B72901D3-088E-4DA6-BA18-697734C6AEA6}.Release|Any CPU.Build.0 = Release|Any CPU
		{FE3DA760-128A-4476-BD0A-45E32D6EB5BF}.Debug|Any CPU.ActiveCfg = Debug|Any CPU
		{FE3DA760-128A-4476-BD0A-45E32D6EB5BF}.Debug|Any CPU.Build.0 = Debug|Any CPU
		{FE3DA760-128A-4476-BD0A-45E32D6EB5BF}.Release|Any CPU.ActiveCfg = Release|Any CPU
		{FE3DA760-128A-4476-BD0A-45E32D6EB5BF}.Release|Any CPU.Build.0 = Release|Any CPU
		{55DBDD2A-A033-42B7-BF4A-AB2A707BE38B}.Debug|Any CPU.ActiveCfg = Debug|Any CPU
		{55DBDD2A-A033-42B7-BF4A-AB2A707BE38B}.Debug|Any CPU.Build.0 = Debug|Any CPU
		{55DBDD2A-A033-42B7-BF4A-AB2A707BE38B}.Release|Any CPU.ActiveCfg = Release|Any CPU
		{55DBDD2A-A033-42B7-BF4A-AB2A707BE38B}.Release|Any CPU.Build.0 = Release|Any CPU
	EndGlobalSection
	GlobalSection(SolutionProperties) = preSolution
		HideSolutionNode = FALSE
	EndGlobalSection
	GlobalSection(ExtensibilityGlobals) = postSolution
		SolutionGuid = {3E75B3C6-587A-4C01-AAC9-627CF5758BC6}
	EndGlobalSection
	GlobalSection(NestedProjects) = preSolution
		{B72901D3-088E-4DA6-BA18-697734C6AEA6} = {ACCD901B-BC91-4F76-BA36-DD4297E45CEB}
		{FE3DA760-128A-4476-BD0A-45E32D6EB5BF} = {ACCD901B-BC91-4F76-BA36-DD4297E45CEB}
		{55DBDD2A-A033-42B7-BF4A-AB2A707BE38B} = {B93C1224-FF9F-44D5-8B5F-B6BBE4A8ED20}
	EndGlobalSection
EndGlobal
